
Microsoft Visual Studio Solution File, Format Version 12.00
# Visual Studio Version 17
VisualStudioVersion = 17.12.35527.113
MinimumVisualStudioVersion = 10.0.40219.1
Project("{2150E333-8FDC-42A3-9474-1A3956D46DE8}") = "Task0", "Task0", "{02EA681E-C7D8-13C7-8484-4AC65E1B71E8}"
EndProject
Project("{FAE04EC0-301F-11D3-BF4B-00C04F79EFBC}") = "Tyuiu.PlesovskikhBA.Sprint3.Task0.V5", "Tyuiu.PlesovskikhBA.Sprint3.Task0.V5\Tyuiu.PlesovskikhBA.Sprint3.Task0.V5.csproj", "{B1258FAF-B8E5-436D-BB6F-82A9D4B7E8AF}"
EndProject
Project("{FAE04EC0-301F-11D3-BF4B-00C04F79EFBC}") = "Tyuiu.PlesovskikhBA.Sprint3.Task0.V5.Lib", "Tyuiu.PlesovskikhBA.Sprint3.Task0.V5.Lib\Tyuiu.PlesovskikhBA.Sprint3.Task0.V5.Lib.csproj", "{6D0FE49A-6C9F-4DF3-A464-960572DA80C4}"
EndProject
Project("{FAE04EC0-301F-11D3-BF4B-00C04F79EFBC}") = "Tyuiu.PlesovskikhBA.Sprint3.Task0.V5.Test", "Tyuiu.PlesovskikhBA.Sprint3.Task0.V5.Test\Tyuiu.PlesovskikhBA.Sprint3.Task0.V5.Test.csproj", "{4C6F4E0B-0C2F-47EC-94A0-7BB416C07AB9}"
EndProject
Project("{2150E333-8FDC-42A3-9474-1A3956D46DE8}") = "Task1", "Task1", "{D1F31C94-FA5D-4DAD-A0A6-432A5AB7A330}"
EndProject
Project("{FAE04EC0-301F-11D3-BF4B-00C04F79EFBC}") = "Tyuiu.PlesovskikhBA.Sprint3.Task1.V21", "Tyuiu.PlesovskikhBA.Sprint3.Task1.V21\Tyuiu.PlesovskikhBA.Sprint3.Task1.V21.csproj", "{97B33E59-0C69-49C9-87C5-813AD9783EC5}"
EndProject
Project("{FAE04EC0-301F-11D3-BF4B-00C04F79EFBC}") = "Tyuiu.PlesovskikhBA.Sprint3.Task1.V21.Lib", "Tyuiu.PlesovskikhBA.Sprint3.Task1.V21.Lib\Tyuiu.PlesovskikhBA.Sprint3.Task1.V21.Lib.csproj", "{A96B312B-CB83-4F0B-8C0D-F1ED7874BE6B}"
EndProject
Project("{FAE04EC0-301F-11D3-BF4B-00C04F79EFBC}") = "Tyuiu.PlesovskikhBA.Sprint3.Task1.V21.Test", "Tyuiu.PlesovskikhBA.Sprint3.Task1.V21.Test\Tyuiu.PlesovskikhBA.Sprint3.Task1.V21.Test.csproj", "{7BEDD62D-4807-444E-8F26-F4B4B8467E1A}"
EndProject
Project("{2150E333-8FDC-42A3-9474-1A3956D46DE8}") = "Task2", "Task2", "{E57DCA1B-D788-4131-BC00-9CFC585EEC29}"
EndProject
Project("{FAE04EC0-301F-11D3-BF4B-00C04F79EFBC}") = "Tyuiu.PlesovskikhBA.Sprint3.Task2.V24", "Tyuiu.PlesovskikhBA.Sprint3.Task2.V24\Tyuiu.PlesovskikhBA.Sprint3.Task2.V24.csproj", "{447B3A29-9042-45C6-8D16-4F70D5F75B90}"
EndProject
Project("{FAE04EC0-301F-11D3-BF4B-00C04F79EFBC}") = "Tyuiu.PlesovskikhBA.Sprint3.Task2.V24.Lib", "Tyuiu.PlesovskikhBA.Sprint3.Task2.V24.Lib\Tyuiu.PlesovskikhBA.Sprint3.Task2.V24.Lib.csproj", "{33C3CF29-286B-479B-BAF8-2E4826E92EF0}"
EndProject
Project("{FAE04EC0-301F-11D3-BF4B-00C04F79EFBC}") = "Tyuiu.PlesovskikhBA.Sprint3.Task2.V24.Test", "Tyuiu.PlesovskikhBA.Sprint3.Task2.V24.Test\Tyuiu.PlesovskikhBA.Sprint3.Task2.V24.Test.csproj", "{C9CA83B7-A8E6-40D5-B711-3F6FEAEE5AB5}"
EndProject
Project("{2150E333-8FDC-42A3-9474-1A3956D46DE8}") = "Task3", "Task3", "{038A9FCE-9120-4CA3-B649-E8DE09AE6901}"
EndProject
Project("{FAE04EC0-301F-11D3-BF4B-00C04F79EFBC}") = "Tyuiu.PlesovskikhBA.Sprint3.Task3.V24", "Tyuiu.PlesovskikhBA.Sprint3.Task3.V24\Tyuiu.PlesovskikhBA.Sprint3.Task3.V24.csproj", "{421B4E3B-181E-4512-8399-EB0E14BB96D2}"
EndProject
Project("{FAE04EC0-301F-11D3-BF4B-00C04F79EFBC}") = "Tyuiu.PlesovskikhBA.Sprint3.Task3.V24.Lib", "Tyuiu.PlesovskikhBA.Sprint3.Task3.V24.Lib\Tyuiu.PlesovskikhBA.Sprint3.Task3.V24.Lib.csproj", "{D3EF908D-EB8D-4B3F-8CF3-AEA1E0C1656D}"
EndProject
Project("{FAE04EC0-301F-11D3-BF4B-00C04F79EFBC}") = "Tyuiu.PlesovskikhBA.Sprint3.Task3.V24.Test", "Tyuiu.PlesovskikhBA.Sprint3.Task3.V24.Test\Tyuiu.PlesovskikhBA.Sprint3.Task3.V24.Test.csproj", "{2C42914F-CFF1-451F-934C-9EBA33304C60}"
EndProject
Project("{2150E333-8FDC-42A3-9474-1A3956D46DE8}") = "Task4", "Task4", "{29D0D280-7BC1-4800-8A6B-3C02DD8A2A06}"
EndProject
Project("{FAE04EC0-301F-11D3-BF4B-00C04F79EFBC}") = "Tyuiu.PlesovskikhBA.Sprint3.Task4.V12", "Tyuiu.PlesovskikhBA.Sprint3.Task4.V12\Tyuiu.PlesovskikhBA.Sprint3.Task4.V12.csproj", "{CD2DDD76-561D-43F2-B1A5-5B121188B099}"
EndProject
Project("{FAE04EC0-301F-11D3-BF4B-00C04F79EFBC}") = "Tyuiu.PlesovskikhBA.Sprint3.Task4.V12.Lib", "Tyuiu.PlesovskikhBA.Sprint3.Task4.V12.Lib\Tyuiu.PlesovskikhBA.Sprint3.Task4.V12.Lib.csproj", "{6EFB2D98-E531-40EE-A286-6FA984383793}"
EndProject
Project("{FAE04EC0-301F-11D3-BF4B-00C04F79EFBC}") = "Tyuiu.PlesovskikhBA.Sprint3.Task4.V12.Test", "Tyuiu.PlesovskikhBA.Sprint3.Task4.V12.Test\Tyuiu.PlesovskikhBA.Sprint3.Task4.V12.Test.csproj", "{F3F0DE6D-DDAE-4440-8776-7A485F59AAC0}"
EndProject
Global
	GlobalSection(SolutionConfigurationPlatforms) = preSolution
		Debug|Any CPU = Debug|Any CPU
		Release|Any CPU = Release|Any CPU
	EndGlobalSection
	GlobalSection(ProjectConfigurationPlatforms) = postSolution
		{B1258FAF-B8E5-436D-BB6F-82A9D4B7E8AF}.Debug|Any CPU.ActiveCfg = Debug|Any CPU
		{B1258FAF-B8E5-436D-BB6F-82A9D4B7E8AF}.Debug|Any CPU.Build.0 = Debug|Any CPU
		{B1258FAF-B8E5-436D-BB6F-82A9D4B7E8AF}.Release|Any CPU.ActiveCfg = Release|Any CPU
		{B1258FAF-B8E5-436D-BB6F-82A9D4B7E8AF}.Release|Any CPU.Build.0 = Release|Any CPU
		{6D0FE49A-6C9F-4DF3-A464-960572DA80C4}.Debug|Any CPU.ActiveCfg = Debug|Any CPU
		{6D0FE49A-6C9F-4DF3-A464-960572DA80C4}.Debug|Any CPU.Build.0 = Debug|Any CPU
		{6D0FE49A-6C9F-4DF3-A464-960572DA80C4}.Release|Any CPU.ActiveCfg = Release|Any CPU
		{6D0FE49A-6C9F-4DF3-A464-960572DA80C4}.Release|Any CPU.Build.0 = Release|Any CPU
		{4C6F4E0B-0C2F-47EC-94A0-7BB416C07AB9}.Debug|Any CPU.ActiveCfg = Debug|Any CPU
		{4C6F4E0B-0C2F-47EC-94A0-7BB416C07AB9}.Debug|Any CPU.Build.0 = Debug|Any CPU
		{4C6F4E0B-0C2F-47EC-94A0-7BB416C07AB9}.Release|Any CPU.ActiveCfg = Release|Any CPU
		{4C6F4E0B-0C2F-47EC-94A0-7BB416C07AB9}.Release|Any CPU.Build.0 = Release|Any CPU
		{97B33E59-0C69-49C9-87C5-813AD9783EC5}.Debug|Any CPU.ActiveCfg = Debug|Any CPU
		{97B33E59-0C69-49C9-87C5-813AD9783EC5}.Debug|Any CPU.Build.0 = Debug|Any CPU
		{97B33E59-0C69-49C9-87C5-813AD9783EC5}.Release|Any CPU.ActiveCfg = Release|Any CPU
		{97B33E59-0C69-49C9-87C5-813AD9783EC5}.Release|Any CPU.Build.0 = Release|Any CPU
		{A96B312B-CB83-4F0B-8C0D-F1ED7874BE6B}.Debug|Any CPU.ActiveCfg = Debug|Any CPU
		{A96B312B-CB83-4F0B-8C0D-F1ED7874BE6B}.Debug|Any CPU.Build.0 = Debug|Any CPU
		{A96B312B-CB83-4F0B-8C0D-F1ED7874BE6B}.Release|Any CPU.ActiveCfg = Release|Any CPU
		{A96B312B-CB83-4F0B-8C0D-F1ED7874BE6B}.Release|Any CPU.Build.0 = Release|Any CPU
		{7BEDD62D-4807-444E-8F26-F4B4B8467E1A}.Debug|Any CPU.ActiveCfg = Debug|Any CPU
		{7BEDD62D-4807-444E-8F26-F4B4B8467E1A}.Debug|Any CPU.Build.0 = Debug|Any CPU
		{7BEDD62D-4807-444E-8F26-F4B4B8467E1A}.Release|Any CPU.ActiveCfg = Release|Any CPU
		{7BEDD62D-4807-444E-8F26-F4B4B8467E1A}.Release|Any CPU.Build.0 = Release|Any CPU
		{447B3A29-9042-45C6-8D16-4F70D5F75B90}.Debug|Any CPU.ActiveCfg = Debug|Any CPU
		{447B3A29-9042-45C6-8D16-4F70D5F75B90}.Debug|Any CPU.Build.0 = Debug|Any CPU
		{447B3A29-9042-45C6-8D16-4F70D5F75B90}.Release|Any CPU.ActiveCfg = Release|Any CPU
		{447B3A29-9042-45C6-8D16-4F70D5F75B90}.Release|Any CPU.Build.0 = Release|Any CPU
		{33C3CF29-286B-479B-BAF8-2E4826E92EF0}.Debug|Any CPU.ActiveCfg = Debug|Any CPU
		{33C3CF29-286B-479B-BAF8-2E4826E92EF0}.Debug|Any CPU.Build.0 = Debug|Any CPU
		{33C3CF29-286B-479B-BAF8-2E4826E92EF0}.Release|Any CPU.ActiveCfg = Release|Any CPU
		{33C3CF29-286B-479B-BAF8-2E4826E92EF0}.Release|Any CPU.Build.0 = Release|Any CPU
		{C9CA83B7-A8E6-40D5-B711-3F6FEAEE5AB5}.Debug|Any CPU.ActiveCfg = Debug|Any CPU
		{C9CA83B7-A8E6-40D5-B711-3F6FEAEE5AB5}.Debug|Any CPU.Build.0 = Debug|Any CPU
		{C9CA83B7-A8E6-40D5-B711-3F6FEAEE5AB5}.Release|Any CPU.ActiveCfg = Release|Any CPU
		{C9CA83B7-A8E6-40D5-B711-3F6FEAEE5AB5}.Release|Any CPU.Build.0 = Release|Any CPU
		{421B4E3B-181E-4512-8399-EB0E14BB96D2}.Debug|Any CPU.ActiveCfg = Debug|Any CPU
		{421B4E3B-181E-4512-8399-EB0E14BB96D2}.Debug|Any CPU.Build.0 = Debug|Any CPU
		{421B4E3B-181E-4512-8399-EB0E14BB96D2}.Release|Any CPU.ActiveCfg = Release|Any CPU
		{421B4E3B-181E-4512-8399-EB0E14BB96D2}.Release|Any CPU.Build.0 = Release|Any CPU
		{D3EF908D-EB8D-4B3F-8CF3-AEA1E0C1656D}.Debug|Any CPU.ActiveCfg = Debug|Any CPU
		{D3EF908D-EB8D-4B3F-8CF3-AEA1E0C1656D}.Debug|Any CPU.Build.0 = Debug|Any CPU
		{D3EF908D-EB8D-4B3F-8CF3-AEA1E0C1656D}.Release|Any CPU.ActiveCfg = Release|Any CPU
		{D3EF908D-EB8D-4B3F-8CF3-AEA1E0C1656D}.Release|Any CPU.Build.0 = Release|Any CPU
		{2C42914F-CFF1-451F-934C-9EBA33304C60}.Debug|Any CPU.ActiveCfg = Debug|Any CPU
		{2C42914F-CFF1-451F-934C-9EBA33304C60}.Debug|Any CPU.Build.0 = Debug|Any CPU
		{2C42914F-CFF1-451F-934C-9EBA33304C60}.Release|Any CPU.ActiveCfg = Release|Any CPU
		{2C42914F-CFF1-451F-934C-9EBA33304C60}.Release|Any CPU.Build.0 = Release|Any CPU
		{CD2DDD76-561D-43F2-B1A5-5B121188B099}.Debug|Any CPU.ActiveCfg = Debug|Any CPU
		{CD2DDD76-561D-43F2-B1A5-5B121188B099}.Debug|Any CPU.Build.0 = Debug|Any CPU
		{CD2DDD76-561D-43F2-B1A5-5B121188B099}.Release|Any CPU.ActiveCfg = Release|Any CPU
		{CD2DDD76-561D-43F2-B1A5-5B121188B099}.Release|Any CPU.Build.0 = Release|Any CPU
		{6EFB2D98-E531-40EE-A286-6FA984383793}.Debug|Any CPU.ActiveCfg = Debug|Any CPU
		{6EFB2D98-E531-40EE-A286-6FA984383793}.Debug|Any CPU.Build.0 = Debug|Any CPU
		{6EFB2D98-E531-40EE-A286-6FA984383793}.Release|Any CPU.ActiveCfg = Release|Any CPU
		{6EFB2D98-E531-40EE-A286-6FA984383793}.Release|Any CPU.Build.0 = Release|Any CPU
		{F3F0DE6D-DDAE-4440-8776-7A485F59AAC0}.Debug|Any CPU.ActiveCfg = Debug|Any CPU
		{F3F0DE6D-DDAE-4440-8776-7A485F59AAC0}.Debug|Any CPU.Build.0 = Debug|Any CPU
		{F3F0DE6D-DDAE-4440-8776-7A485F59AAC0}.Release|Any CPU.ActiveCfg = Release|Any CPU
		{F3F0DE6D-DDAE-4440-8776-7A485F59AAC0}.Release|Any CPU.Build.0 = Release|Any CPU
	EndGlobalSection
	GlobalSection(SolutionProperties) = preSolution
		HideSolutionNode = FALSE
	EndGlobalSection
	GlobalSection(NestedProjects) = preSolution
		{B1258FAF-B8E5-436D-BB6F-82A9D4B7E8AF} = {02EA681E-C7D8-13C7-8484-4AC65E1B71E8}
		{6D0FE49A-6C9F-4DF3-A464-960572DA80C4} = {02EA681E-C7D8-13C7-8484-4AC65E1B71E8}
		{4C6F4E0B-0C2F-47EC-94A0-7BB416C07AB9} = {02EA681E-C7D8-13C7-8484-4AC65E1B71E8}
		{97B33E59-0C69-49C9-87C5-813AD9783EC5} = {D1F31C94-FA5D-4DAD-A0A6-432A5AB7A330}
		{A96B312B-CB83-4F0B-8C0D-F1ED7874BE6B} = {D1F31C94-FA5D-4DAD-A0A6-432A5AB7A330}
		{7BEDD62D-4807-444E-8F26-F4B4B8467E1A} = {D1F31C94-FA5D-4DAD-A0A6-432A5AB7A330}
		{447B3A29-9042-45C6-8D16-4F70D5F75B90} = {E57DCA1B-D788-4131-BC00-9CFC585EEC29}
		{33C3CF29-286B-479B-BAF8-2E4826E92EF0} = {E57DCA1B-D788-4131-BC00-9CFC585EEC29}
		{C9CA83B7-A8E6-40D5-B711-3F6FEAEE5AB5} = {E57DCA1B-D788-4131-BC00-9CFC585EEC29}
		{421B4E3B-181E-4512-8399-EB0E14BB96D2} = {038A9FCE-9120-4CA3-B649-E8DE09AE6901}
		{D3EF908D-EB8D-4B3F-8CF3-AEA1E0C1656D} = {038A9FCE-9120-4CA3-B649-E8DE09AE6901}
		{2C42914F-CFF1-451F-934C-9EBA33304C60} = {038A9FCE-9120-4CA3-B649-E8DE09AE6901}
		{CD2DDD76-561D-43F2-B1A5-5B121188B099} = {29D0D280-7BC1-4800-8A6B-3C02DD8A2A06}
		{6EFB2D98-E531-40EE-A286-6FA984383793} = {29D0D280-7BC1-4800-8A6B-3C02DD8A2A06}
		{F3F0DE6D-DDAE-4440-8776-7A485F59AAC0} = {29D0D280-7BC1-4800-8A6B-3C02DD8A2A06}
	EndGlobalSection
	GlobalSection(ExtensibilityGlobals) = postSolution
		SolutionGuid = {7D5E7BA4-5386-46E3-977F-781CD81A0055}
	EndGlobalSection
EndGlobal
